
Microsoft Visual Studio Solution File, Format Version 12.00
# Visual Studio 15
VisualStudioVersion = 15.0.28307.1231
MinimumVisualStudioVersion = 10.0.40219.1
Project("{9A19103F-16F7-4668-BE54-9A1E7A4F7556}") = "DotNetCoreCh1", "DotNetCoreCh1\DotNetCoreCh1.csproj", "{CF18500D-4216-49C3-A769-3602B961B2B6}"
	ProjectSection(ProjectDependencies) = postProject
		{0CB7C1ED-438B-40A2-8DFF-60B215AD0275} = {0CB7C1ED-438B-40A2-8DFF-60B215AD0275}
	EndProjectSection
EndProject
Project("{9A19103F-16F7-4668-BE54-9A1E7A4F7556}") = "Ch06_PacktLibrary", "Ch06_PacktLibrary\Ch06_PacktLibrary.csproj", "{0CB7C1ED-438B-40A2-8DFF-60B215AD0275}"
EndProject
Project("{9A19103F-16F7-4668-BE54-9A1E7A4F7556}") = "LinqToObject", "LinqToObject\LinqToObject.csproj", "{E72CB3C7-5BD0-4DF5-8583-A60BCAC93111}"
EndProject
Project("{FAE04EC0-301F-11D3-BF4B-00C04F79EFBC}") = "Ch10_FileSystem", "Ch10_FileSystem\Ch10_FileSystem.csproj", "{2D5A5249-3431-4EE8-959D-AD9A714CD8FA}"
EndProject
Global
	GlobalSection(SolutionConfigurationPlatforms) = preSolution
		Debug|Any CPU = Debug|Any CPU
		Release|Any CPU = Release|Any CPU
	EndGlobalSection
	GlobalSection(ProjectConfigurationPlatforms) = postSolution
		{CF18500D-4216-49C3-A769-3602B961B2B6}.Debug|Any CPU.ActiveCfg = Debug|Any CPU
		{CF18500D-4216-49C3-A769-3602B961B2B6}.Debug|Any CPU.Build.0 = Debug|Any CPU
		{CF18500D-4216-49C3-A769-3602B961B2B6}.Release|Any CPU.ActiveCfg = Release|Any CPU
		{CF18500D-4216-49C3-A769-3602B961B2B6}.Release|Any CPU.Build.0 = Release|Any CPU
		{0CB7C1ED-438B-40A2-8DFF-60B215AD0275}.Debug|Any CPU.ActiveCfg = Debug|Any CPU
		{0CB7C1ED-438B-40A2-8DFF-60B215AD0275}.Debug|Any CPU.Build.0 = Debug|Any CPU
		{0CB7C1ED-438B-40A2-8DFF-60B215AD0275}.Release|Any CPU.ActiveCfg = Release|Any CPU
		{0CB7C1ED-438B-40A2-8DFF-60B215AD0275}.Release|Any CPU.Build.0 = Release|Any CPU
		{E72CB3C7-5BD0-4DF5-8583-A60BCAC93111}.Debug|Any CPU.ActiveCfg = Debug|Any CPU
		{E72CB3C7-5BD0-4DF5-8583-A60BCAC93111}.Debug|Any CPU.Build.0 = Debug|Any CPU
		{E72CB3C7-5BD0-4DF5-8583-A60BCAC93111}.Release|Any CPU.ActiveCfg = Release|Any CPU
		{E72CB3C7-5BD0-4DF5-8583-A60BCAC93111}.Release|Any CPU.Build.0 = Release|Any CPU
		{2D5A5249-3431-4EE8-959D-AD9A714CD8FA}.Debug|Any CPU.ActiveCfg = Debug|Any CPU
		{2D5A5249-3431-4EE8-959D-AD9A714CD8FA}.Debug|Any CPU.Build.0 = Debug|Any CPU
		{2D5A5249-3431-4EE8-959D-AD9A714CD8FA}.Release|Any CPU.ActiveCfg = Release|Any CPU
		{2D5A5249-3431-4EE8-959D-AD9A714CD8FA}.Release|Any CPU.Build.0 = Release|Any CPU
	EndGlobalSection
	GlobalSection(SolutionProperties) = preSolution
		HideSolutionNode = FALSE
	EndGlobalSection
	GlobalSection(ExtensibilityGlobals) = postSolution
		SolutionGuid = {906B5A74-DCA6-4E15-A734-1F6C6C096884}
	EndGlobalSection
EndGlobal
